
Microsoft Visual Studio Solution File, Format Version 12.00
# Visual Studio Version 17
VisualStudioVersion = 17.0.32112.339
MinimumVisualStudioVersion = 10.0.40219.1
Project("{9A19103F-16F7-4668-BE54-9A1E7A4F7556}") = "Exercicio01.ConsoleApp", "Exercicio01.ConsoleApp\Exercicio01.ConsoleApp.csproj", "{FB161660-751B-47B1-B9BD-85527C26640F}"
EndProject
Project("{FAE04EC0-301F-11D3-BF4B-00C04F79EFBC}") = "Exercicio02.ConsoleApp", "Exercicio02.ConsoleApp\Exercicio02.ConsoleApp.csproj", "{27795E0B-1965-4CCB-B414-BCEB462DCE20}"
EndProject
Project("{FAE04EC0-301F-11D3-BF4B-00C04F79EFBC}") = "Exercicio03.ConsoleApp", "Exercicio03.ConsoleApp\Exercicio03.ConsoleApp.csproj", "{6CA3334D-C63C-4039-A45D-1132E8DB6644}"
EndProject
Project("{FAE04EC0-301F-11D3-BF4B-00C04F79EFBC}") = "Exercicio04.ConsoleApp", "Exercicio04.ConsoleApp\Exercicio04.ConsoleApp.csproj", "{B2C590E1-351C-49F2-9742-307BAE42BD80}"
EndProject
Project("{FAE04EC0-301F-11D3-BF4B-00C04F79EFBC}") = "Exercicio05.ConsoleApp", "Exercicio05.ConsoleApp\Exercicio05.ConsoleApp.csproj", "{BB3459D0-0A66-4233-A436-89FF503C7253}"
EndProject
Global
	GlobalSection(SolutionConfigurationPlatforms) = preSolution
		Debug|Any CPU = Debug|Any CPU
		Release|Any CPU = Release|Any CPU
	EndGlobalSection
	GlobalSection(ProjectConfigurationPlatforms) = postSolution
		{FB161660-751B-47B1-B9BD-85527C26640F}.Debug|Any CPU.ActiveCfg = Debug|Any CPU
		{FB161660-751B-47B1-B9BD-85527C26640F}.Debug|Any CPU.Build.0 = Debug|Any CPU
		{FB161660-751B-47B1-B9BD-85527C26640F}.Release|Any CPU.ActiveCfg = Release|Any CPU
		{FB161660-751B-47B1-B9BD-85527C26640F}.Release|Any CPU.Build.0 = Release|Any CPU
		{27795E0B-1965-4CCB-B414-BCEB462DCE20}.Debug|Any CPU.ActiveCfg = Debug|Any CPU
		{27795E0B-1965-4CCB-B414-BCEB462DCE20}.Debug|Any CPU.Build.0 = Debug|Any CPU
		{27795E0B-1965-4CCB-B414-BCEB462DCE20}.Release|Any CPU.ActiveCfg = Release|Any CPU
		{27795E0B-1965-4CCB-B414-BCEB462DCE20}.Release|Any CPU.Build.0 = Release|Any CPU
		{6CA3334D-C63C-4039-A45D-1132E8DB6644}.Debug|Any CPU.ActiveCfg = Debug|Any CPU
		{6CA3334D-C63C-4039-A45D-1132E8DB6644}.Debug|Any CPU.Build.0 = Debug|Any CPU
		{6CA3334D-C63C-4039-A45D-1132E8DB6644}.Release|Any CPU.ActiveCfg = Release|Any CPU
		{6CA3334D-C63C-4039-A45D-1132E8DB6644}.Release|Any CPU.Build.0 = Release|Any CPU
		{B2C590E1-351C-49F2-9742-307BAE42BD80}.Debug|Any CPU.ActiveCfg = Debug|Any CPU
		{B2C590E1-351C-49F2-9742-307BAE42BD80}.Debug|Any CPU.Build.0 = Debug|Any CPU
		{B2C590E1-351C-49F2-9742-307BAE42BD80}.Release|Any CPU.ActiveCfg = Release|Any CPU
		{B2C590E1-351C-49F2-9742-307BAE42BD80}.Release|Any CPU.Build.0 = Release|Any CPU
		{BB3459D0-0A66-4233-A436-89FF503C7253}.Debug|Any CPU.ActiveCfg = Debug|Any CPU
		{BB3459D0-0A66-4233-A436-89FF503C7253}.Debug|Any CPU.Build.0 = Debug|Any CPU
		{BB3459D0-0A66-4233-A436-89FF503C7253}.Release|Any CPU.ActiveCfg = Release|Any CPU
		{BB3459D0-0A66-4233-A436-89FF503C7253}.Release|Any CPU.Build.0 = Release|Any CPU
	EndGlobalSection
	GlobalSection(SolutionProperties) = preSolution
		HideSolutionNode = FALSE
	EndGlobalSection
	GlobalSection(ExtensibilityGlobals) = postSolution
		SolutionGuid = {1BA1C965-19AD-4F71-9CCB-16816CF3F2B6}
	EndGlobalSection
EndGlobal
